{
  "originHash" : "29a20d1f1f8e81f507cc8dd50d82dcacfcf370c0bed3e49412741a7422838dde",
  "pins" : [
    {
      "identity" : "sentry-swift",
      "kind" : "remoteSourceControl",
      "location" : "https://github.com/getsentry/sentry-swift.git",
      "state" : {
        "revision" : "dad229c665bfd043c5d80ac7aa77717cbd19a1c3",
        "version" : "8.58.3"
      }
    },
    {
      "identity" : "sparkle",
      "kind" : "remoteSourceControl",
      "location" : "https://github.com/sparkle-project/Sparkle.git",
      "state" : {
        "revision" : "d46d456107feacc80711b21847b82b07bd9fb46e",
        "version" : "2.9.3"
      }
    }
  ],
  "version" : 3
}
